DEPENDENCIES
  chef_rvm
    path: .
    metadata: true
  chef_rvm_example
    path: example
  java
  nodejs

GRAPH
  apt (6.1.0)
  ark (3.0.0)
    build-essential (>= 0.0.0)
    seven_zip (>= 0.0.0)
    windows (>= 0.0.0)
  build-essential (8.0.1)
    mingw (>= 1.1)
    seven_zip (>= 0.0.0)
  chef_gem (0.1.0)
  chef_rvm (1.1.1)
    apt (>= 0.0.0)
    build-essential (>= 0.0.0)
    chef_gem (>= 0.0.0)
    curl (>= 0.0.0)
    homebrew (>= 0.0.0)
    java (>= 0.0.0)
    maven (>= 0.0.0)
    mono (>= 0.0.0)
    nodejs (>= 0.0.0)
    sudo (>= 0.0.0)
  chef_rvm_example (0.1.0)
    apt (>= 0.0.0)
    build-essential (>= 0.0.0)
    chef_rvm (>= 0.0.0)
    java (>= 0.0.0)
  compat_resource (12.19.0)
  curl (2.0.3)
  dmg (3.1.1)
  git (6.0.0)
    build-essential (>= 0.0.0)
    dmg (>= 0.0.0)
    yum-epel (>= 0.0.0)
  homebrew (4.0.0)
  java (1.48.0)
    apt (>= 0.0.0)
    homebrew (>= 0.0.0)
    windows (>= 0.0.0)
  maven (4.0.1)
    ark (>= 1.0)
    java (>= 1.38)
  mingw (2.0.0)
    seven_zip (>= 0.0.0)
  mono (0.1.2)
    apt (>= 0.0.0)
    build-essential (>= 0.0.0)
    git (>= 0.0.0)
    yum (>= 0.0.0)
  nodejs (3.0.0)
    apt (>= 2.9.1)
    ark (>= 0.0.0)
    build-essential (>= 0.0.0)
    homebrew (>= 0.0.0)
    yum-epel (>= 0.0.0)
  ohai (5.0.3)
  seven_zip (2.0.2)
    windows (>= 1.2.2)
  sudo (3.3.1)
  windows (3.0.5)
    ohai (>= 4.0.0)
  yum (5.0.1)
  yum-epel (2.1.1)
    compat_resource (>= 12.16.3)
