DEPENDENCIES
  chef_rvm
    path: .
    metadata: true
  chef_rvm_example
    path: example

GRAPH
  apt (2.6.1)
  build-essential (2.2.3)
  chef_gem (0.1.0)
  chef_rvm (0.4.9)
    apt (>= 0.0.0)
    build-essential (>= 0.0.0)
    chef_gem (>= 0.0.0)
    gpg (>= 0.0.0)
    java (>= 0.0.0)
    sudo (>= 0.0.0)
  chef_rvm_example (0.1.0)
    apt (>= 0.0.0)
    build-essential (>= 0.0.0)
    chef_rvm (>= 0.0.0)
  gpg (0.2.2)
  java (1.31.0)
  sudo (2.7.1)
