DEPENDENCIES
  chef_rvm
    path: .
    metadata: true

GRAPH
  apt (6.1.4)
  ark (3.1.0)
    build-essential (>= 0.0.0)
    seven_zip (>= 0.0.0)
    windows (>= 0.0.0)
  aws (7.2.2)
  build-essential (8.0.4)
    mingw (>= 1.1)
    seven_zip (>= 0.0.0)
  chef_gem (0.1.0)
  chef_rvm (2.0.1)
    apt (>= 0.0.0)
    ark (~> 3.1.0)
    aws (~> 7.2.2)
    build-essential (>= 0.0.0)
    chef_gem (>= 0.0.0)
    curl (>= 0.0.0)
    sudo (>= 0.0.0)
  curl (2.0.4)
  mingw (2.0.2)
    seven_zip (>= 0.0.0)
  ohai (5.2.2)
  seven_zip (2.0.2)
    windows (>= 1.2.2)
  sudo (4.0.1)
  windows (3.5.1)
    ohai (>= 4.0.0)
